// !$*UTF8*$!
{
	archiveVersion = 1;
	classes = {
	};
	objectVersion = 56;
	objects = {

/* Begin PBXBuildFile section */
		B4336FDA29A28C4700E644E7 /* ClockView.swift in Sources */ = {isa = PBXBuildFile; fileRef = B4336FD929A28C4700E644E7 /* ClockView.swift */; };
		B4336FDC29A28CC500E644E7 /* DigitalView.swift in Sources */ = {isa = PBXBuildFile; fileRef = B4336FDB29A28CC500E644E7 /* DigitalView.swift */; };
		B434232229B9298C009EF812 /* AnalogClock.swift in Sources */ = {isa = PBXBuildFile; fileRef = B434232129B9298C009EF812 /* AnalogClock.swift */; };
		B434232429B9315C009EF812 /* TimeMark.swift in Sources */ = {isa = PBXBuildFile; fileRef = B434232329B9315C009EF812 /* TimeMark.swift */; };
		B434232C29B946E1009EF812 /* WidgetKit.framework in Frameworks */ = {isa = PBXBuildFile; fileRef = B434232B29B946E1009EF812 /* WidgetKit.framework */; };
		B434232E29B946E1009EF812 /* SwiftUI.framework in Frameworks */ = {isa = PBXBuildFile; fileRef = B434232D29B946E1009EF812 /* SwiftUI.framework */; };
		B434233129B946E2009EF812 /* MediumBundle.swift in Sources */ = {isa = PBXBuildFile; fileRef = B434233029B946E2009EF812 /* MediumBundle.swift */; };
		B434233329B946E2009EF812 /* MediumLiveActivity.swift in Sources */ = {isa = PBXBuildFile; fileRef = B434233229B946E2009EF812 /* MediumLiveActivity.swift */; };
		B434233529B946E2009EF812 /* Medium.swift in Sources */ = {isa = PBXBuildFile; fileRef = B434233429B946E2009EF812 /* Medium.swift */; };
		B434233829B946E3009EF812 /* Assets.xcassets in Resources */ = {isa = PBXBuildFile; fileRef = B434233729B946E3009EF812 /* Assets.xcassets */; };
		B434233A29B946E3009EF812 /* Medium.intentdefinition in Sources */ = {isa = PBXBuildFile; fileRef = B434233629B946E2009EF812 /* Medium.intentdefinition */; };
		B434233B29B946E3009EF812 /* Medium.intentdefinition in Sources */ = {isa = PBXBuildFile; fileRef = B434233629B946E2009EF812 /* Medium.intentdefinition */; };
		B434233E29B946E3009EF812 /* MediumExtension.appex in Embed Foundation Extensions */ = {isa = PBXBuildFile; fileRef = B434232929B946E1009EF812 /* MediumExtension.appex */; settings = {ATTRIBUTES = (RemoveHeadersOnCopy, ); }; };
		B434234729BA91E1009EF812 /* 01_HandDesign.swift in Sources */ = {isa = PBXBuildFile; fileRef = B434234629BA91E1009EF812 /* 01_HandDesign.swift */; };
		B45D6926299C2F8E00920A68 /* ContentView.swift in Sources */ = {isa = PBXBuildFile; fileRef = B45D6925299C2F8E00920A68 /* ContentView.swift */; };
		B45D6928299C2F9000920A68 /* Assets.xcassets in Resources */ = {isa = PBXBuildFile; fileRef = B45D6927299C2F9000920A68 /* Assets.xcassets */; };
		B45D692B299C2F9000920A68 /* Preview Assets.xcassets in Resources */ = {isa = PBXBuildFile; fileRef = B45D692A299C2F9000920A68 /* Preview Assets.xcassets */; };
		B45D6932299C308C00920A68 /* ClockApp.swift in Sources */ = {isa = PBXBuildFile; fileRef = B45D6931299C308C00920A68 /* ClockApp.swift */; };
		B45D6936299C32DF00920A68 /* ViewController.swift in Sources */ = {isa = PBXBuildFile; fileRef = B45D6935299C32DF00920A68 /* ViewController.swift */; };
		B4EDBD6829B7FAAF00DB32B1 /* TestView.swift in Sources */ = {isa = PBXBuildFile; fileRef = B4EDBD6729B7FAAF00DB32B1 /* TestView.swift */; };
/* End PBXBuildFile section */

/* Begin PBXContainerItemProxy section */
		B434233C29B946E3009EF812 /* PBXContainerItemProxy */ = {
			isa = PBXContainerItemProxy;
			containerPortal = B45D6918299C2F8E00920A68 /* Project object */;
			proxyType = 1;
			remoteGlobalIDString = B434232829B946E1009EF812;
			remoteInfo = MediumExtension;
		};
/* End PBXContainerItemProxy section */

/* Begin PBXCopyFilesBuildPhase section */
		B434234229B946E3009EF812 /* Embed Foundation Extensions */ = {
			isa = PBXCopyFilesBuildPhase;
			buildActionMask = 2147483647;
			dstPath = "";
			dstSubfolderSpec = 13;
			files = (
				B434233E29B946E3009EF812 /* MediumExtension.appex in Embed Foundation Extensions */,
			);
			name = "Embed Foundation Extensions";
			runOnlyForDeploymentPostprocessing = 0;
		};
/* End PBXCopyFilesBuildPhase section */

/* Begin PBXFileReference section */
		B4336FD929A28C4700E644E7 /* ClockView.swift */ = {isa = PBXFileReference; lastKnownFileType = sourcecode.swift; path = ClockView.swift; sourceTree = "<group>"; };
		B4336FDB29A28CC500E644E7 /* DigitalView.swift */ = {isa = PBXFileReference; lastKnownFileType = sourcecode.swift; path = DigitalView.swift; sourceTree = "<group>"; };
		B434232129B9298C009EF812 /* AnalogClock.swift */ = {isa = PBXFileReference; lastKnownFileType = sourcecode.swift; path = AnalogClock.swift; sourceTree = "<group>"; };
		B434232329B9315C009EF812 /* TimeMark.swift */ = {isa = PBXFileReference; lastKnownFileType = sourcecode.swift; path = TimeMark.swift; sourceTree = "<group>"; };
		B434232929B946E1009EF812 /* MediumExtension.appex */ = {isa = PBXFileReference; explicitFileType = "wrapper.app-extension"; includeInIndex = 0; path = MediumExtension.appex; sourceTree = BUILT_PRODUCTS_DIR; };
		B434232B29B946E1009EF812 /* WidgetKit.framework */ = {isa = PBXFileReference; lastKnownFileType = wrapper.framework; name = WidgetKit.framework; path = System/Library/Frameworks/WidgetKit.framework; sourceTree = SDKROOT; };
		B434232D29B946E1009EF812 /* SwiftUI.framework */ = {isa = PBXFileReference; lastKnownFileType = wrapper.framework; name = SwiftUI.framework; path = System/Library/Frameworks/SwiftUI.framework; sourceTree = SDKROOT; };
		B434233029B946E2009EF812 /* MediumBundle.swift */ = {isa = PBXFileReference; lastKnownFileType = sourcecode.swift; path = MediumBundle.swift; sourceTree = "<group>"; };
		B434233229B946E2009EF812 /* MediumLiveActivity.swift */ = {isa = PBXFileReference; lastKnownFileType = sourcecode.swift; path = MediumLiveActivity.swift; sourceTree = "<group>"; };
		B434233429B946E2009EF812 /* Medium.swift */ = {isa = PBXFileReference; lastKnownFileType = sourcecode.swift; path = Medium.swift; sourceTree = "<group>"; };
		B434233629B946E2009EF812 /* Medium.intentdefinition */ = {isa = PBXFileReference; lastKnownFileType = file.intentdefinition; path = Medium.intentdefinition; sourceTree = "<group>"; };
		B434233729B946E3009EF812 /* Assets.xcassets */ = {isa = PBXFileReference; lastKnownFileType = folder.assetcatalog; path = Assets.xcassets; sourceTree = "<group>"; };
		B434233929B946E3009EF812 /* Info.plist */ = {isa = PBXFileReference; lastKnownFileType = text.plist.xml; path = Info.plist; sourceTree = "<group>"; };
		B434234629BA91E1009EF812 /* 01_HandDesign.swift */ = {isa = PBXFileReference; lastKnownFileType = sourcecode.swift; path = 01_HandDesign.swift; sourceTree = "<group>"; };
		B45D6920299C2F8E00920A68 /* ClockApp.app */ = {isa = PBXFileReference; explicitFileType = wrapper.application; includeInIndex = 0; path = ClockApp.app; sourceTree = BUILT_PRODUCTS_DIR; };
		B45D6925299C2F8E00920A68 /* ContentView.swift */ = {isa = PBXFileReference; lastKnownFileType = sourcecode.swift; path = ContentView.swift; sourceTree = "<group>"; };
		B45D6927299C2F9000920A68 /* Assets.xcassets */ = {isa = PBXFileReference; lastKnownFileType = folder.assetcatalog; path = Assets.xcassets; sourceTree = "<group>"; };
		B45D692A299C2F9000920A68 /* Preview Assets.xcassets */ = {isa = PBXFileReference; lastKnownFileType = folder.assetcatalog; path = "Preview Assets.xcassets"; sourceTree = "<group>"; };
		B45D6931299C308C00920A68 /* ClockApp.swift */ = {isa = PBXFileReference; fileEncoding = 4; lastKnownFileType = sourcecode.swift; path = ClockApp.swift; sourceTree = "<group>"; };
		B45D6935299C32DF00920A68 /* ViewController.swift */ = {isa = PBXFileReference; lastKnownFileType = sourcecode.swift; path = ViewController.swift; sourceTree = "<group>"; };
		B4EDBD6729B7FAAF00DB32B1 /* TestView.swift */ = {isa = PBXFileReference; lastKnownFileType = sourcecode.swift; path = TestView.swift; sourceTree = "<group>"; };
/* End PBXFileReference section */

/* Begin PBXFrameworksBuildPhase section */
		B434232629B946E1009EF812 /* Frameworks */ = {
			isa = PBXFrameworksBuildPhase;
			buildActionMask = 2147483647;
			files = (
				B434232E29B946E1009EF812 /* SwiftUI.framework in Frameworks */,
				B434232C29B946E1009EF812 /* WidgetKit.framework in Frameworks */,
			);
			runOnlyForDeploymentPostprocessing = 0;
		};
		B45D691D299C2F8E00920A68 /* Frameworks */ = {
			isa = PBXFrameworksBuildPhase;
			buildActionMask = 2147483647;
			files = (
			);
			runOnlyForDeploymentPostprocessing = 0;
		};
/* End PBXFrameworksBuildPhase section */

/* Begin PBXGroup section */
		B434232A29B946E1009EF812 /* Frameworks */ = {
			isa = PBXGroup;
			children = (
				B434232B29B946E1009EF812 /* WidgetKit.framework */,
				B434232D29B946E1009EF812 /* SwiftUI.framework */,
			);
			name = Frameworks;
			sourceTree = "<group>";
		};
		B434232F29B946E2009EF812 /* Medium */ = {
			isa = PBXGroup;
			children = (
				B434233029B946E2009EF812 /* MediumBundle.swift */,
				B434233229B946E2009EF812 /* MediumLiveActivity.swift */,
				B434233429B946E2009EF812 /* Medium.swift */,
				B434233629B946E2009EF812 /* Medium.intentdefinition */,
				B434233729B946E3009EF812 /* Assets.xcassets */,
				B434233929B946E3009EF812 /* Info.plist */,
			);
			path = Medium;
			sourceTree = "<group>";
		};
		B434234329BA9176009EF812 /* HandDesign */ = {
			isa = PBXGroup;
			children = (
				B434234629BA91E1009EF812 /* 01_HandDesign.swift */,
			);
			path = HandDesign;
			sourceTree = "<group>";
		};
		B45D6917299C2F8E00920A68 = {
			isa = PBXGroup;
			children = (
				B434232F29B946E2009EF812 /* Medium */,
				B45D6922299C2F8E00920A68 /* ClockApp */,
				B434232A29B946E1009EF812 /* Frameworks */,
				B45D6921299C2F8E00920A68 /* Products */,
			);
			sourceTree = "<group>";
		};
		B45D6921299C2F8E00920A68 /* Products */ = {
			isa = PBXGroup;
			children = (
				B45D6920299C2F8E00920A68 /* ClockApp.app */,
				B434232929B946E1009EF812 /* MediumExtension.appex */,
			);
			name = Products;
			sourceTree = "<group>";
		};
		B45D6922299C2F8E00920A68 /* ClockApp */ = {
			isa = PBXGroup;
			children = (
				B434234329BA9176009EF812 /* HandDesign */,
				B45D6931299C308C00920A68 /* ClockApp.swift */,
				B45D6925299C2F8E00920A68 /* ContentView.swift */,
				B4336FD929A28C4700E644E7 /* ClockView.swift */,
				B4336FDB29A28CC500E644E7 /* DigitalView.swift */,
				B4EDBD6729B7FAAF00DB32B1 /* TestView.swift */,
				B45D6927299C2F9000920A68 /* Assets.xcassets */,
				B45D6929299C2F9000920A68 /* Preview Content */,
				B434232129B9298C009EF812 /* AnalogClock.swift */,
				B434232329B9315C009EF812 /* TimeMark.swift */,
			);
			path = ClockApp;
			sourceTree = "<group>";
		};
		B45D6929299C2F9000920A68 /* Preview Content */ = {
			isa = PBXGroup;
			children = (
				B45D6935299C32DF00920A68 /* ViewController.swift */,
				B45D692A299C2F9000920A68 /* Preview Assets.xcassets */,
			);
			path = "Preview Content";
			sourceTree = "<group>";
		};
/* End PBXGroup section */

/* Begin PBXNativeTarget section */
		B434232829B946E1009EF812 /* MediumExtension */ = {
			isa = PBXNativeTarget;
			buildConfigurationList = B434233F29B946E3009EF812 /* Build configuration list for PBXNativeTarget "MediumExtension" */;
			buildPhases = (
				B434232529B946E1009EF812 /* Sources */,
				B434232629B946E1009EF812 /* Frameworks */,
				B434232729B946E1009EF812 /* Resources */,
			);
			buildRules = (
			);
			dependencies = (
			);
			name = MediumExtension;
			productName = MediumExtension;
			productReference = B434232929B946E1009EF812 /* MediumExtension.appex */;
			productType = "com.apple.product-type.app-extension";
		};
		B45D691F299C2F8E00920A68 /* ClockApp */ = {
			isa = PBXNativeTarget;
			buildConfigurationList = B45D692E299C2F9000920A68 /* Build configuration list for PBXNativeTarget "ClockApp" */;
			buildPhases = (
				B45D691C299C2F8E00920A68 /* Sources */,
				B45D691D299C2F8E00920A68 /* Frameworks */,
				B45D691E299C2F8E00920A68 /* Resources */,
				B434234229B946E3009EF812 /* Embed Foundation Extensions */,
			);
			buildRules = (
			);
			dependencies = (
				B434233D29B946E3009EF812 /* PBXTargetDependency */,
			);
			name = ClockApp;
			productName = ClockApp;
			productReference = B45D6920299C2F8E00920A68 /* ClockApp.app */;
			productType = "com.apple.product-type.application";
		};
/* End PBXNativeTarget section */

/* Begin PBXProject section */
		B45D6918299C2F8E00920A68 /* Project object */ = {
			isa = PBXProject;
			attributes = {
				BuildIndependentTargetsInParallel = 1;
				LastSwiftUpdateCheck = 1420;
				LastUpgradeCheck = 1420;
				TargetAttributes = {
					B434232829B946E1009EF812 = {
						CreatedOnToolsVersion = 14.2;
					};
					B45D691F299C2F8E00920A68 = {
						CreatedOnToolsVersion = 14.2;
					};
				};
			};
			buildConfigurationList = B45D691B299C2F8E00920A68 /* Build configuration list for PBXProject "ClockApp" */;
			compatibilityVersion = "Xcode 14.0";
			developmentRegion = en;
			hasScannedForEncodings = 0;
			knownRegions = (
				en,
				Base,
			);
			mainGroup = B45D6917299C2F8E00920A68;
			productRefGroup = B45D6921299C2F8E00920A68 /* Products */;
			projectDirPath = "";
			projectRoot = "";
			targets = (
				B45D691F299C2F8E00920A68 /* ClockApp */,
				B434232829B946E1009EF812 /* MediumExtension */,
			);
		};
/* End PBXProject section */

/* Begin PBXResourcesBuildPhase section */
		B434232729B946E1009EF812 /* Resources */ = {
			isa = PBXResourcesBuildPhase;
			buildActionMask = 2147483647;
			files = (
				B434233829B946E3009EF812 /* Assets.xcassets in Resources */,
			);
			runOnlyForDeploymentPostprocessing = 0;
		};
		B45D691E299C2F8E00920A68 /* Resources */ = {
			isa = PBXResourcesBuildPhase;
			buildActionMask = 2147483647;
			files = (
				B45D692B299C2F9000920A68 /* Preview Assets.xcassets in Resources */,
				B45D6928299C2F9000920A68 /* Assets.xcassets in Resources */,
			);
			runOnlyForDeploymentPostprocessing = 0;
		};
/* End PBXResourcesBuildPhase section */

/* Begin PBXSourcesBuildPhase section */
		B434232529B946E1009EF812 /* Sources */ = {
			isa = PBXSourcesBuildPhase;
			buildActionMask = 2147483647;
			files = (
				B434233529B946E2009EF812 /* Medium.swift in Sources */,
				B434233A29B946E3009EF812 /* Medium.intentdefinition in Sources */,
				B434233129B946E2009EF812 /* MediumBundle.swift in Sources */,
				B434233329B946E2009EF812 /* MediumLiveActivity.swift in Sources */,
			);
			runOnlyForDeploymentPostprocessing = 0;
		};
		B45D691C299C2F8E00920A68 /* Sources */ = {
			isa = PBXSourcesBuildPhase;
			buildActionMask = 2147483647;
			files = (
				B4EDBD6829B7FAAF00DB32B1 /* TestView.swift in Sources */,
				B434234729BA91E1009EF812 /* 01_HandDesign.swift in Sources */,
				B45D6936299C32DF00920A68 /* ViewController.swift in Sources */,
				B434233B29B946E3009EF812 /* Medium.intentdefinition in Sources */,
				B4336FDA29A28C4700E644E7 /* ClockView.swift in Sources */,
				B434232429B9315C009EF812 /* TimeMark.swift in Sources */,
				B4336FDC29A28CC500E644E7 /* DigitalView.swift in Sources */,
				B45D6932299C308C00920A68 /* ClockApp.swift in Sources */,
				B45D6926299C2F8E00920A68 /* ContentView.swift in Sources */,
				B434232229B9298C009EF812 /* AnalogClock.swift in Sources */,
			);
			runOnlyForDeploymentPostprocessing = 0;
		};
/* End PBXSourcesBuildPhase section */

/* Begin PBXTargetDependency section */
		B434233D29B946E3009EF812 /* PBXTargetDependency */ = {
			isa = PBXTargetDependency;
			target = B434232829B946E1009EF812 /* MediumExtension */;
			targetProxy = B434233C29B946E3009EF812 /* PBXContainerItemProxy */;
		};
/* End PBXTargetDependency section */

/* Begin XCBuildConfiguration section */
		B434234029B946E3009EF812 /* Debug */ = {
			isa = XCBuildConfiguration;
			buildSettings = {
				ASSETCATALOG_COMPILER_GLOBAL_ACCENT_COLOR_NAME = AccentColor;
				ASSETCATALOG_COMPILER_WIDGET_BACKGROUND_COLOR_NAME = WidgetBackground;
				CODE_SIGN_STYLE = Automatic;
				CURRENT_PROJECT_VERSION = 1;
				DEVELOPMENT_TEAM = S46H9HW89D;
				GENERATE_INFOPLIST_FILE = YES;
				INFOPLIST_FILE = Medium/Info.plist;
				INFOPLIST_KEY_CFBundleDisplayName = Medium;
				INFOPLIST_KEY_NSHumanReadableCopyright = "";
				LD_RUNPATH_SEARCH_PATHS = (
					"$(inherited)",
					"@executable_path/Frameworks",
					"@executable_path/../../Frameworks",
				);
				MARKETING_VERSION = 1.0;
				PRODUCT_BUNDLE_IDENTIFIER = com.example.sssktk.ClockApp.Medium;
				PRODUCT_NAME = "$(TARGET_NAME)";
				SKIP_INSTALL = YES;
				SWIFT_EMIT_LOC_STRINGS = YES;
				SWIFT_VERSION = 5.0;
				TARGETED_DEVICE_FAMILY = "1,2";
			};
			name = Debug;
		};
		B434234129B946E3009EF812 /* Release */ = {
			isa = XCBuildConfiguration;
			buildSettings = {
				ASSETCATALOG_COMPILER_GLOBAL_ACCENT_COLOR_NAME = AccentColor;
				ASSETCATALOG_COMPILER_WIDGET_BACKGROUND_COLOR_NAME = WidgetBackground;
				CODE_SIGN_STYLE = Automatic;
				CURRENT_PROJECT_VERSION = 1;
				DEVELOPMENT_TEAM = S46H9HW89D;
				GENERATE_INFOPLIST_FILE = YES;
				INFOPLIST_FILE = Medium/Info.plist;
				INFOPLIST_KEY_CFBundleDisplayName = Medium;
				INFOPLIST_KEY_NSHumanReadableCopyright = "";
				LD_RUNPATH_SEARCH_PATHS = (
					"$(inherited)",
					"@executable_path/Frameworks",
					"@executable_path/../../Frameworks",
				);
				MARKETING_VERSION = 1.0;
				PRODUCT_BUNDLE_IDENTIFIER = com.example.sssktk.ClockApp.Medium;
				PRODUCT_NAME = "$(TARGET_NAME)";
				SKIP_INSTALL = YES;
				SWIFT_EMIT_LOC_STRINGS = YES;
				SWIFT_VERSION = 5.0;
				TARGETED_DEVICE_FAMILY = "1,2";
			};
			name = Release;
		};
		B45D692C299C2F9000920A68 /* Debug */ = {
			isa = XCBuildConfiguration;
			buildSettings = {
				ALWAYS_SEARCH_USER_PATHS = NO;
				CLANG_ANALYZER_NONNULL = YES;
				CLANG_ANALYZER_NUMBER_OBJECT_CONVERSION = YES_AGGRESSIVE;
				CLANG_CXX_LANGUAGE_STANDARD = "gnu++20";
				CLANG_ENABLE_MODULES = YES;
				CLANG_ENABLE_OBJC_ARC = YES;
				CLANG_ENABLE_OBJC_WEAK = YES;
				CLANG_WARN_BLOCK_CAPTURE_AUTORELEASING = YES;
				CLANG_WARN_BOOL_CONVERSION = YES;
				CLANG_WARN_COMMA = YES;
				CLANG_WARN_CONSTANT_CONVERSION = YES;
				CLANG_WARN_DEPRECATED_OBJC_IMPLEMENTATIONS = YES;
				CLANG_WARN_DIRECT_OBJC_ISA_USAGE = YES_ERROR;
				CLANG_WARN_DOCUMENTATION_COMMENTS = YES;
				CLANG_WARN_EMPTY_BODY = YES;
				CLANG_WARN_ENUM_CONVERSION = YES;
				CLANG_WARN_INFINITE_RECURSION = YES;
				CLANG_WARN_INT_CONVERSION = YES;
				CLANG_WARN_NON_LITERAL_NULL_CONVERSION = YES;
				CLANG_WARN_OBJC_IMPLICIT_RETAIN_SELF = YES;
				CLANG_WARN_OBJC_LITERAL_CONVERSION = YES;
				CLANG_WARN_OBJC_ROOT_CLASS = YES_ERROR;
				CLANG_WARN_QUOTED_INCLUDE_IN_FRAMEWORK_HEADER = YES;
				CLANG_WARN_RANGE_LOOP_ANALYSIS = YES;
				CLANG_WARN_STRICT_PROTOTYPES = YES;
				CLANG_WARN_SUSPICIOUS_MOVE = YES;
				CLANG_WARN_UNGUARDED_AVAILABILITY = YES_AGGRESSIVE;
				CLANG_WARN_UNREACHABLE_CODE = YES;
				CLANG_WARN__DUPLICATE_METHOD_MATCH = YES;
				COPY_PHASE_STRIP = NO;
				DEBUG_INFORMATION_FORMAT = dwarf;
				ENABLE_STRICT_OBJC_MSGSEND = YES;
				ENABLE_TESTABILITY = YES;
				GCC_C_LANGUAGE_STANDARD = gnu11;
				GCC_DYNAMIC_NO_PIC = NO;
				GCC_NO_COMMON_BLOCKS = YES;
				GCC_OPTIMIZATION_LEVEL = 0;
				GCC_PREPROCESSOR_DEFINITIONS = (
					"DEBUG=1",
					"$(inherited)",
				);
				GCC_WARN_64_TO_32_BIT_CONVERSION = YES;
				GCC_WARN_ABOUT_RETURN_TYPE = YES_ERROR;
				GCC_WARN_UNDECLARED_SELECTOR = YES;
				GCC_WARN_UNINITIALIZED_AUTOS = YES_AGGRESSIVE;
				GCC_WARN_UNUSED_FUNCTION = YES;
				GCC_WARN_UNUSED_VARIABLE = YES;
				IPHONEOS_DEPLOYMENT_TARGET = 16.2;
				MTL_ENABLE_DEBUG_INFO = INCLUDE_SOURCE;
				MTL_FAST_MATH = YES;
				ONLY_ACTIVE_ARCH = YES;
				SDKROOT = iphoneos;
				SWIFT_ACTIVE_COMPILATION_CONDITIONS = DEBUG;
				SWIFT_OPTIMIZATION_LEVEL = "-Onone";
			};
			name = Debug;
		};
		B45D692D299C2F9000920A68 /* Release */ = {
			isa = XCBuildConfiguration;
			buildSettings = {
				ALWAYS_SEARCH_USER_PATHS = NO;
				CLANG_ANALYZER_NONNULL = YES;
				CLANG_ANALYZER_NUMBER_OBJECT_CONVERSION = YES_AGGRESSIVE;
				CLANG_CXX_LANGUAGE_STANDARD = "gnu++20";
				CLANG_ENABLE_MODULES = YES;
				CLANG_ENABLE_OBJC_ARC = YES;
				CLANG_ENABLE_OBJC_WEAK = YES;
				CLANG_WARN_BLOCK_CAPTURE_AUTORELEASING = YES;
				CLANG_WARN_BOOL_CONVERSION = YES;
				CLANG_WARN_COMMA = YES;
				CLANG_WARN_CONSTANT_CONVERSION = YES;
				CLANG_WARN_DEPRECATED_OBJC_IMPLEMENTATIONS = YES;
				CLANG_WARN_DIRECT_OBJC_ISA_USAGE = YES_ERROR;
				CLANG_WARN_DOCUMENTATION_COMMENTS = YES;
				CLANG_WARN_EMPTY_BODY = YES;
				CLANG_WARN_ENUM_CONVERSION = YES;
				CLANG_WARN_INFINITE_RECURSION = YES;
				CLANG_WARN_INT_CONVERSION = YES;
				CLANG_WARN_NON_LITERAL_NULL_CONVERSION = YES;
				CLANG_WARN_OBJC_IMPLICIT_RETAIN_SELF = YES;
				CLANG_WARN_OBJC_LITERAL_CONVERSION = YES;
				CLANG_WARN_OBJC_ROOT_CLASS = YES_ERROR;
				CLANG_WARN_QUOTED_INCLUDE_IN_FRAMEWORK_HEADER = YES;
				CLANG_WARN_RANGE_LOOP_ANALYSIS = YES;
				CLANG_WARN_STRICT_PROTOTYPES = YES;
				CLANG_WARN_SUSPICIOUS_MOVE = YES;
				CLANG_WARN_UNGUARDED_AVAILABILITY = YES_AGGRESSIVE;
				CLANG_WARN_UNREACHABLE_CODE = YES;
				CLANG_WARN__DUPLICATE_METHOD_MATCH = YES;
				COPY_PHASE_STRIP = NO;
				DEBUG_INFORMATION_FORMAT = "dwarf-with-dsym";
				ENABLE_NS_ASSERTIONS = NO;
				ENABLE_STRICT_OBJC_MSGSEND = YES;
				GCC_C_LANGUAGE_STANDARD = gnu11;
				GCC_NO_COMMON_BLOCKS = YES;
				GCC_WARN_64_TO_32_BIT_CONVERSION = YES;
				GCC_WARN_ABOUT_RETURN_TYPE = YES_ERROR;
				GCC_WARN_UNDECLARED_SELECTOR = YES;
				GCC_WARN_UNINITIALIZED_AUTOS = YES_AGGRESSIVE;
				GCC_WARN_UNUSED_FUNCTION = YES;
				GCC_WARN_UNUSED_VARIABLE = YES;
				IPHONEOS_DEPLOYMENT_TARGET = 16.2;
				MTL_ENABLE_DEBUG_INFO = NO;
				MTL_FAST_MATH = YES;
				SDKROOT = iphoneos;
				SWIFT_COMPILATION_MODE = wholemodule;
				SWIFT_OPTIMIZATION_LEVEL = "-O";
				VALIDATE_PRODUCT = YES;
			};
			name = Release;
		};
		B45D692F299C2F9000920A68 /* Debug */ = {
			isa = XCBuildConfiguration;
			buildSettings = {
				ALWAYS_EMBED_SWIFT_STANDARD_LIBRARIES = YES;
				ASSETCATALOG_COMPILER_APPICON_NAME = AppIcon;
				ASSETCATALOG_COMPILER_GLOBAL_ACCENT_COLOR_NAME = AccentColor;
				CODE_SIGN_STYLE = Automatic;
				CURRENT_PROJECT_VERSION = 1;
				DEVELOPMENT_ASSET_PATHS = "\"ClockApp/Preview Content\"";
				DEVELOPMENT_TEAM = S46H9HW89D;
				ENABLE_PREVIEWS = YES;
				GENERATE_INFOPLIST_FILE = YES;
				INFOPLIST_KEY_UIApplicationSceneManifest_Generation = YES;
				INFOPLIST_KEY_UIApplicationSupportsIndirectInputEvents = YES;
				INFOPLIST_KEY_UILaunchScreen_Generation = YES;
				INFOPLIST_KEY_UISupportedInterfaceOrientations_iPad = "UIInterfaceOrientationPortrait UIInterfaceOrientationPortraitUpsideDown UIInterfaceOrientationLandscapeLeft UIInterfaceOrientationLandscapeRight";
				INFOPLIST_KEY_UISupportedInterfaceOrientations_iPhone = "UIInterfaceOrientationPortrait UIInterfaceOrientationLandscapeLeft UIInterfaceOrientationLandscapeRight";
				LD_RUNPATH_SEARCH_PATHS = (
					"$(inherited)",
					"@executable_path/Frameworks",
				);
				MARKETING_VERSION = 1.0;
				PRODUCT_BUNDLE_IDENTIFIER = com.example.sssktk.ClockApp;
				PRODUCT_NAME = "$(TARGET_NAME)";
				SWIFT_EMIT_LOC_STRINGS = YES;
				SWIFT_VERSION = 5.0;
				TARGETED_DEVICE_FAMILY = "1,2";
			};
			name = Debug;
		};
		B45D6930299C2F9000920A68 /* Release */ = {
			isa = XCBuildConfiguration;
			buildSettings = {
				ALWAYS_EMBED_SWIFT_STANDARD_LIBRARIES = YES;
				ASSETCATALOG_COMPILER_APPICON_NAME = AppIcon;
				ASSETCATALOG_COMPILER_GLOBAL_ACCENT_COLOR_NAME = AccentColor;
				CODE_SIGN_STYLE = Automatic;
				CURRENT_PROJECT_VERSION = 1;
				DEVELOPMENT_ASSET_PATHS = "\"ClockApp/Preview Content\"";
				DEVELOPMENT_TEAM = S46H9HW89D;
				ENABLE_PREVIEWS = YES;
				GENERATE_INFOPLIST_FILE = YES;
				INFOPLIST_KEY_UIApplicationSceneManifest_Generation = YES;
				INFOPLIST_KEY_UIApplicationSupportsIndirectInputEvents = YES;
				INFOPLIST_KEY_UILaunchScreen_Generation = YES;
				INFOPLIST_KEY_UISupportedInterfaceOrientations_iPad = "UIInterfaceOrientationPortrait UIInterfaceOrientationPortraitUpsideDown UIInterfaceOrientationLandscapeLeft UIInterfaceOrientationLandscapeRight";
				INFOPLIST_KEY_UISupportedInterfaceOrientations_iPhone = "UIInterfaceOrientationPortrait UIInterfaceOrientationLandscapeLeft UIInterfaceOrientationLandscapeRight";
				LD_RUNPATH_SEARCH_PATHS = (
					"$(inherited)",
					"@executable_path/Frameworks",
				);
				MARKETING_VERSION = 1.0;
				PRODUCT_BUNDLE_IDENTIFIER = com.example.sssktk.ClockApp;
				PRODUCT_NAME = "$(TARGET_NAME)";
				SWIFT_EMIT_LOC_STRINGS = YES;
				SWIFT_VERSION = 5.0;
				TARGETED_DEVICE_FAMILY = "1,2";
			};
			name = Release;
		};
/* End XCBuildConfiguration section */

/* Begin XCConfigurationList section */
		B434233F29B946E3009EF812 /* Build configuration list for PBXNativeTarget "MediumExtension" */ = {
			isa = XCConfigurationList;
			buildConfigurations = (
				B434234029B946E3009EF812 /* Debug */,
				B434234129B946E3009EF812 /* Release */,
			);
			defaultConfigurationIsVisible = 0;
			defaultConfigurationName = Release;
		};
		B45D691B299C2F8E00920A68 /* Build configuration list for PBXProject "ClockApp" */ = {
			isa = XCConfigurationList;
			buildConfigurations = (
				B45D692C299C2F9000920A68 /* Debug */,
				B45D692D299C2F9000920A68 /* Release */,
			);
			defaultConfigurationIsVisible = 0;
			defaultConfigurationName = Release;
		};
		B45D692E299C2F9000920A68 /* Build configuration list for PBXNativeTarget "ClockApp" */ = {
			isa = XCConfigurationList;
			buildConfigurations = (
				B45D692F299C2F9000920A68 /* Debug */,
				B45D6930299C2F9000920A68 /* Release */,
			);
			defaultConfigurationIsVisible = 0;
			defaultConfigurationName = Release;
		};
/* End XCConfigurationList section */
	};
	rootObject = B45D6918299C2F8E00920A68 /* Project object */;
}
